
Microsoft Visual Studio Solution File, Format Version 12.00
# Visual Studio Version 17
VisualStudioVersion = 17.5.33627.172
MinimumVisualStudioVersion = 10.0.40219.1
Project("{FAE04EC0-301F-11D3-BF4B-00C04F79EFBC}") = "rmoto", "rmoto\rmoto.csproj", "{2DC9FACB-3267-44B8-8932-C674B21CB8C0}"
EndProject
Project("{FAE04EC0-301F-11D3-BF4B-00C04F79EFBC}") = "Keyboardinputs", "Keyboardinputs\Keyboardinputs.csproj", "{BEB50B3F-8552-444E-BD3F-D930607B60F6}"
EndProject
Global
	GlobalSection(SolutionConfigurationPlatforms) = preSolution
		Debug|Any CPU = Debug|Any CPU
		Release|Any CPU = Release|Any CPU
	EndGlobalSection
	GlobalSection(ProjectConfigurationPlatforms) = postSolution
		{2DC9FACB-3267-44B8-8932-C674B21CB8C0}.Debug|Any CPU.ActiveCfg = Debug|Any CPU
		{2DC9FACB-3267-44B8-8932-C674B21CB8C0}.Debug|Any CPU.Build.0 = Debug|Any CPU
		{2DC9FACB-3267-44B8-8932-C674B21CB8C0}.Release|Any CPU.ActiveCfg = Release|Any CPU
		{2DC9FACB-3267-44B8-8932-C674B21CB8C0}.Release|Any CPU.Build.0 = Release|Any CPU
		{BEB50B3F-8552-444E-BD3F-D930607B60F6}.Debug|Any CPU.ActiveCfg = Debug|Any CPU
		{BEB50B3F-8552-444E-BD3F-D930607B60F6}.Debug|Any CPU.Build.0 = Debug|Any CPU
		{BEB50B3F-8552-444E-BD3F-D930607B60F6}.Release|Any CPU.ActiveCfg = Release|Any CPU
		{BEB50B3F-8552-444E-BD3F-D930607B60F6}.Release|Any CPU.Build.0 = Release|Any CPU
	EndGlobalSection
	GlobalSection(SolutionProperties) = preSolution
		HideSolutionNode = FALSE
	EndGlobalSection
	GlobalSection(ExtensibilityGlobals) = postSolution
		SolutionGuid = {0FDE73BC-1B1D-4D3D-9ABB-0FC45C26165F}
	EndGlobalSection
EndGlobal
